
Microsoft Visual Studio Solution File, Format Version 12.00
# Visual Studio Version 17
VisualStudioVersion = 17.0.31611.283
MinimumVisualStudioVersion = 10.0.40219.1
Project("{9A19103F-16F7-4668-BE54-9A1E7A4F7556}") = "AresT", "AresT\AresT.csproj", "{27B221EB-1ACE-4CC4-A47C-0784157679B1}"
EndProject
Project("{9A19103F-16F7-4668-BE54-9A1E7A4F7556}") = "AresTExecutor", "AresTExecutor\AresTExecutor.csproj", "{9C22B202-68E7-46C8-A6F3-2C34E0083189}"
EndProject
Project("{9A19103F-16F7-4668-BE54-9A1E7A4F7556}") = "AresTLib", "AresTLib\AresTLib.csproj", "{3186BE02-D34D-4AC6-86E9-904CA8BF37E0}"
EndProject
Project("{9A19103F-16F7-4668-BE54-9A1E7A4F7556}") = "Corlib.NStar", "..\Corlib.NStar\Corlib.NStar\Corlib.NStar.csproj", "{75D534C8-ED03-44B7-89B1-026B2DD8B21F}"
EndProject
Project("{9A19103F-16F7-4668-BE54-9A1E7A4F7556}") = "AresTConsole", "AresTConsole\AresTConsole.csproj", "{B99A68E7-4BDA-4400-BB95-6A28A31EC6AF}"
EndProject
Project("{9A19103F-16F7-4668-BE54-9A1E7A4F7556}") = "UnsafeFunctions", "..\AresGlobal\UnsafeFunctions\UnsafeFunctions.csproj", "{D4AD24E5-4CCA-4B5F-8AB4-54F0221FCFE9}"
EndProject
Project("{2150E333-8FDC-42A3-9474-1A3956D46DE8}") = "Элементы решения", "Элементы решения", "{0121D958-76C1-44F0-9B1B-6E39052E6DBE}"
	ProjectSection(SolutionItems) = preProject
		.editorconfig = .editorconfig
	EndProjectSection
EndProject
Project("{9A19103F-16F7-4668-BE54-9A1E7A4F7556}") = "AresGlobalMethods", "..\AresGlobal\AresGlobalMethods\AresGlobalMethods.csproj", "{93BD099B-B5B9-4DF6-8314-207374B5C465}"
EndProject
Project("{9A19103F-16F7-4668-BE54-9A1E7A4F7556}") = "AresGlobalDecoding-0.05", "..\AresGlobal\AresGlobalDecoding-0.05\AresGlobalDecoding-0.05.csproj", "{D91E6450-997F-4D0F-8AD8-BF3262E47D0C}"
EndProject
Project("{9A19103F-16F7-4668-BE54-9A1E7A4F7556}") = "AresTDecoding-0.05", "AresTDecoding-0.05\AresTDecoding-0.05.csproj", "{68B18838-7DC0-4D06-97E9-946FCF416068}"
EndProject
Project("{9A19103F-16F7-4668-BE54-9A1E7A4F7556}") = "AresGlobalDecoding-0.07", "..\AresGlobal\AresGlobalDecoding-0.07\AresGlobalDecoding-0.07.csproj", "{16595DBA-B967-4799-87C9-987B44630530}"
EndProject
Project("{9A19103F-16F7-4668-BE54-9A1E7A4F7556}") = "AresTDecoding-0.07", "AresTDecoding-0.07\AresTDecoding-0.07.csproj", "{A1C1CEA7-1807-4168-A54C-6E6590171BD6}"
EndProject
Global
	GlobalSection(SolutionConfigurationPlatforms) = preSolution
		Debug|Any CPU = Debug|Any CPU
		Release|Any CPU = Release|Any CPU
	EndGlobalSection
	GlobalSection(ProjectConfigurationPlatforms) = postSolution
		{27B221EB-1ACE-4CC4-A47C-0784157679B1}.Debug|Any CPU.ActiveCfg = Debug|Any CPU
		{27B221EB-1ACE-4CC4-A47C-0784157679B1}.Debug|Any CPU.Build.0 = Debug|Any CPU
		{27B221EB-1ACE-4CC4-A47C-0784157679B1}.Debug|Any CPU.Deploy.0 = Debug|Any CPU
		{27B221EB-1ACE-4CC4-A47C-0784157679B1}.Release|Any CPU.ActiveCfg = Release|Any CPU
		{27B221EB-1ACE-4CC4-A47C-0784157679B1}.Release|Any CPU.Build.0 = Release|Any CPU
		{27B221EB-1ACE-4CC4-A47C-0784157679B1}.Release|Any CPU.Deploy.0 = Release|Any CPU
		{9C22B202-68E7-46C8-A6F3-2C34E0083189}.Debug|Any CPU.ActiveCfg = Debug|Any CPU
		{9C22B202-68E7-46C8-A6F3-2C34E0083189}.Debug|Any CPU.Build.0 = Debug|Any CPU
		{9C22B202-68E7-46C8-A6F3-2C34E0083189}.Release|Any CPU.ActiveCfg = Release|Any CPU
		{9C22B202-68E7-46C8-A6F3-2C34E0083189}.Release|Any CPU.Build.0 = Release|Any CPU
		{3186BE02-D34D-4AC6-86E9-904CA8BF37E0}.Debug|Any CPU.ActiveCfg = Debug|Any CPU
		{3186BE02-D34D-4AC6-86E9-904CA8BF37E0}.Debug|Any CPU.Build.0 = Debug|Any CPU
		{3186BE02-D34D-4AC6-86E9-904CA8BF37E0}.Release|Any CPU.ActiveCfg = Release|Any CPU
		{3186BE02-D34D-4AC6-86E9-904CA8BF37E0}.Release|Any CPU.Build.0 = Release|Any CPU
		{75D534C8-ED03-44B7-89B1-026B2DD8B21F}.Debug|Any CPU.ActiveCfg = Debug|Any CPU
		{75D534C8-ED03-44B7-89B1-026B2DD8B21F}.Debug|Any CPU.Build.0 = Debug|Any CPU
		{75D534C8-ED03-44B7-89B1-026B2DD8B21F}.Release|Any CPU.ActiveCfg = Release|Any CPU
		{75D534C8-ED03-44B7-89B1-026B2DD8B21F}.Release|Any CPU.Build.0 = Release|Any CPU
		{B99A68E7-4BDA-4400-BB95-6A28A31EC6AF}.Debug|Any CPU.ActiveCfg = Debug|Any CPU
		{B99A68E7-4BDA-4400-BB95-6A28A31EC6AF}.Debug|Any CPU.Build.0 = Debug|Any CPU
		{B99A68E7-4BDA-4400-BB95-6A28A31EC6AF}.Release|Any CPU.ActiveCfg = Release|Any CPU
		{B99A68E7-4BDA-4400-BB95-6A28A31EC6AF}.Release|Any CPU.Build.0 = Release|Any CPU
		{D4AD24E5-4CCA-4B5F-8AB4-54F0221FCFE9}.Debug|Any CPU.ActiveCfg = Debug|Any CPU
		{D4AD24E5-4CCA-4B5F-8AB4-54F0221FCFE9}.Debug|Any CPU.Build.0 = Debug|Any CPU
		{D4AD24E5-4CCA-4B5F-8AB4-54F0221FCFE9}.Release|Any CPU.ActiveCfg = Release|Any CPU
		{D4AD24E5-4CCA-4B5F-8AB4-54F0221FCFE9}.Release|Any CPU.Build.0 = Release|Any CPU
		{93BD099B-B5B9-4DF6-8314-207374B5C465}.Debug|Any CPU.ActiveCfg = Debug|Any CPU
		{93BD099B-B5B9-4DF6-8314-207374B5C465}.Debug|Any CPU.Build.0 = Debug|Any CPU
		{93BD099B-B5B9-4DF6-8314-207374B5C465}.Release|Any CPU.ActiveCfg = Release|Any CPU
		{93BD099B-B5B9-4DF6-8314-207374B5C465}.Release|Any CPU.Build.0 = Release|Any CPU
		{D91E6450-997F-4D0F-8AD8-BF3262E47D0C}.Debug|Any CPU.ActiveCfg = Debug|Any CPU
		{D91E6450-997F-4D0F-8AD8-BF3262E47D0C}.Debug|Any CPU.Build.0 = Debug|Any CPU
		{D91E6450-997F-4D0F-8AD8-BF3262E47D0C}.Release|Any CPU.ActiveCfg = Release|Any CPU
		{D91E6450-997F-4D0F-8AD8-BF3262E47D0C}.Release|Any CPU.Build.0 = Release|Any CPU
		{68B18838-7DC0-4D06-97E9-946FCF416068}.Debug|Any CPU.ActiveCfg = Debug|Any CPU
		{68B18838-7DC0-4D06-97E9-946FCF416068}.Debug|Any CPU.Build.0 = Debug|Any CPU
		{68B18838-7DC0-4D06-97E9-946FCF416068}.Release|Any CPU.ActiveCfg = Release|Any CPU
		{68B18838-7DC0-4D06-97E9-946FCF416068}.Release|Any CPU.Build.0 = Release|Any CPU
		{16595DBA-B967-4799-87C9-987B44630530}.Debug|Any CPU.ActiveCfg = Debug|Any CPU
		{16595DBA-B967-4799-87C9-987B44630530}.Debug|Any CPU.Build.0 = Debug|Any CPU
		{16595DBA-B967-4799-87C9-987B44630530}.Release|Any CPU.ActiveCfg = Release|Any CPU
		{16595DBA-B967-4799-87C9-987B44630530}.Release|Any CPU.Build.0 = Release|Any CPU
		{A1C1CEA7-1807-4168-A54C-6E6590171BD6}.Debug|Any CPU.ActiveCfg = Debug|Any CPU
		{A1C1CEA7-1807-4168-A54C-6E6590171BD6}.Debug|Any CPU.Build.0 = Debug|Any CPU
		{A1C1CEA7-1807-4168-A54C-6E6590171BD6}.Release|Any CPU.ActiveCfg = Release|Any CPU
		{A1C1CEA7-1807-4168-A54C-6E6590171BD6}.Release|Any CPU.Build.0 = Release|Any CPU
	EndGlobalSection
	GlobalSection(SolutionProperties) = preSolution
		HideSolutionNode = FALSE
	EndGlobalSection
	GlobalSection(ExtensibilityGlobals) = postSolution
		SolutionGuid = {61F7FB11-1E47-470C-91E2-47F8143E1572}
	EndGlobalSection
EndGlobal
